
Microsoft Visual Studio Solution File, Format Version 12.00
# Visual Studio Version 17
VisualStudioVersion = 17.14.36811.4 d17.14
MinimumVisualStudioVersion = 10.0.40219.1
Project("{FAE04EC0-301F-11D3-BF4B-00C04F79EFBC}") = "BTCPayServer.Plugins.ServerAlert", "BTCPayServer.Plugins.ServerAlert.csproj", "{A374ECE7-BBF1-FEA0-059B-8E789D89EF47}"
EndProject
Global
	GlobalSection(SolutionConfigurationPlatforms) = preSolution
		Debug|Any CPU = Debug|Any CPU
		Release|Any CPU = Release|Any CPU
	EndGlobalSection
	GlobalSection(ProjectConfigurationPlatforms) = postSolution
		{A374ECE7-BBF1-FEA0-059B-8E789D89EF47}.Debug|Any CPU.ActiveCfg = Debug|Any CPU
		{A374ECE7-BBF1-FEA0-059B-8E789D89EF47}.Debug|Any CPU.Build.0 = Debug|Any CPU
		{A374ECE7-BBF1-FEA0-059B-8E789D89EF47}.Release|Any CPU.ActiveCfg = Release|Any CPU
		{A374ECE7-BBF1-FEA0-059B-8E789D89EF47}.Release|Any CPU.Build.0 = Release|Any CPU
	EndGlobalSection
	GlobalSection(SolutionProperties) = preSolution
		HideSolutionNode = FALSE
	EndGlobalSection
	GlobalSection(ExtensibilityGlobals) = postSolution
		SolutionGuid = {1E5AC071-7057-485B-BB2E-B125C5617A81}
	EndGlobalSection
EndGlobal
